# This file is automatically @generated by Cargo.
# It is not intended for manual editing.
[[package]]
name = "atk"
version = "0.7.0"
source = "git+https://github.com/gtk-rs/atk#4914e25cf3795f101f9137fa8faf47f518b0d718"
dependencies = [
 "atk-sys 0.9.0 (git+https://github.com/gtk-rs/sys)",
 "bitflags 1.2.1 (registry+https://github.com/rust-lang/crates.io-index)",
 "glib 0.8.0 (git+https://github.com/gtk-rs/glib)",
 "glib-sys 0.9.0 (git+https://github.com/gtk-rs/sys)",
 "gobject-sys 0.9.0 (git+https://github.com/gtk-rs/sys)",
 "libc 0.2.65 (registry+https://github.com/rust-lang/crates.io-index)",
]

[[package]]
name = "atk-sys"
version = "0.9.0"
source = "git+https://github.com/gtk-rs/sys#71a7e1b1a8cb713b5ce87f4222cd33e5c509dfd5"
dependencies = [
 "glib-sys 0.9.0 (git+https://github.com/gtk-rs/sys)",
 "gobject-sys 0.9.0 (git+https://github.com/gtk-rs/sys)",
 "libc 0.2.65 (registry+https://github.com/rust-lang/crates.io-index)",
 "pkg-config 0.3.16 (registry+https://github.com/rust-lang/crates.io-index)",
]

[[package]]
name = "bitflags"
version = "1.2.1"
source = "registry+https://github.com/rust-lang/crates.io-index"

[[package]]
name = "cairo-rs"
version = "0.7.0"
source = "git+https://github.com/gtk-rs/cairo#ce6d24b9c2219ab1a980341b2e2aa6e87bb9ecb1"
dependencies = [
 "bitflags 1.2.1 (registry+https://github.com/rust-lang/crates.io-index)",
 "cairo-sys-rs 0.9.0 (git+https://github.com/gtk-rs/cairo)",
 "glib 0.8.0 (git+https://github.com/gtk-rs/glib)",
 "glib-sys 0.9.0 (git+https://github.com/gtk-rs/sys)",
 "gobject-sys 0.9.0 (git+https://github.com/gtk-rs/sys)",
 "libc 0.2.65 (registry+https://github.com/rust-lang/crates.io-index)",
]

[[package]]
name = "cairo-sys-rs"
version = "0.9.0"
source = "git+https://github.com/gtk-rs/cairo#ce6d24b9c2219ab1a980341b2e2aa6e87bb9ecb1"
dependencies = [
 "glib-sys 0.9.0 (git+https://github.com/gtk-rs/sys)",
 "libc 0.2.65 (registry+https://github.com/rust-lang/crates.io-index)",
 "pkg-config 0.3.16 (registry+https://github.com/rust-lang/crates.io-index)",
]

[[package]]
name = "cronometro"
version = "0.1.0"
dependencies = [
 "gio 0.7.0 (git+https://github.com/gtk-rs/gio)",
 "glib 0.8.0 (git+https://github.com/gtk-rs/glib)",
 "gtk4 0.1.0 (git+https://github.com/gtk-rs/gtk4)",
]

[[package]]
name = "fragile"
version = "0.3.0"
source = "registry+https://github.com/rust-lang/crates.io-index"

[[package]]
name = "gdk-pixbuf"
version = "0.7.0"
source = "git+https://github.com/gtk-rs/gdk-pixbuf#4aaa66d379171b719059a0aca76b5b9b402ba82d"
dependencies = [
 "gdk-pixbuf-sys 0.9.0 (git+https://github.com/gtk-rs/sys)",
 "gio 0.7.0 (git+https://github.com/gtk-rs/gio)",
 "gio-sys 0.9.0 (git+https://github.com/gtk-rs/sys)",
 "glib 0.8.0 (git+https://github.com/gtk-rs/glib)",
 "glib-sys 0.9.0 (git+https://github.com/gtk-rs/sys)",
 "gobject-sys 0.9.0 (git+https://github.com/gtk-rs/sys)",
 "libc 0.2.65 (registry+https://github.com/rust-lang/crates.io-index)",
]

[[package]]
name = "gdk-pixbuf-sys"
version = "0.9.0"
source = "git+https://github.com/gtk-rs/sys#71a7e1b1a8cb713b5ce87f4222cd33e5c509dfd5"
dependencies = [
 "gio-sys 0.9.0 (git+https://github.com/gtk-rs/sys)",
 "glib-sys 0.9.0 (git+https://github.com/gtk-rs/sys)",
 "gobject-sys 0.9.0 (git+https://github.com/gtk-rs/sys)",
 "libc 0.2.65 (registry+https://github.com/rust-lang/crates.io-index)",
 "pkg-config 0.3.16 (registry+https://github.com/rust-lang/crates.io-index)",
]

[[package]]
name = "gdk4"
version = "0.1.0"
source = "git+https://github.com/gtk-rs/gdk4#85bfeba76b10f3c26751bc50ded672c55d6c5be5"
dependencies = [
 "bitflags 1.2.1 (registry+https://github.com/rust-lang/crates.io-index)",
 "cairo-rs 0.7.0 (git+https://github.com/gtk-rs/cairo)",
 "cairo-sys-rs 0.9.0 (git+https://github.com/gtk-rs/cairo)",
 "gdk-pixbuf 0.7.0 (git+https://github.com/gtk-rs/gdk-pixbuf)",
 "gdk4-sys 0.1.0 (git+https://github.com/gtk-rs/sys)",
 "gio 0.7.0 (git+https://github.com/gtk-rs/gio)",
 "gio-sys 0.9.0 (git+https://github.com/gtk-rs/sys)",
 "glib 0.8.0 (git+https://github.com/gtk-rs/glib)",
 "glib-sys 0.9.0 (git+https://github.com/gtk-rs/sys)",
 "gobject-sys 0.9.0 (git+https://github.com/gtk-rs/sys)",
 "libc 0.2.65 (registry+https://github.com/rust-lang/crates.io-index)",
 "pango 0.7.0 (git+https://github.com/gtk-rs/pango)",
]

[[package]]
name = "gdk4-sys"
version = "0.1.0"
source = "git+https://github.com/gtk-rs/sys#71a7e1b1a8cb713b5ce87f4222cd33e5c509dfd5"
dependencies = [
 "cairo-sys-rs 0.9.0 (git+https://github.com/gtk-rs/cairo)",
 "gdk-pixbuf-sys 0.9.0 (git+https://github.com/gtk-rs/sys)",
 "gio-sys 0.9.0 (git+https://github.com/gtk-rs/sys)",
 "glib-sys 0.9.0 (git+https://github.com/gtk-rs/sys)",
 "gobject-sys 0.9.0 (git+https://github.com/gtk-rs/sys)",
 "libc 0.2.65 (registry+https://github.com/rust-lang/crates.io-index)",
 "pango-sys 0.9.0 (git+https://github.com/gtk-rs/sys)",
 "pkg-config 0.3.16 (registry+https://github.com/rust-lang/crates.io-index)",
]

[[package]]
name = "gio"
version = "0.7.0"
source = "git+https://github.com/gtk-rs/gio#5d93b03590e8c8e231ba62cc3786c3ace54cf8c7"
dependencies = [
 "bitflags 1.2.1 (registry+https://github.com/rust-lang/crates.io-index)",
 "fragile 0.3.0 (registry+https://github.com/rust-lang/crates.io-index)",
 "gio-sys 0.9.0 (git+https://github.com/gtk-rs/sys)",
 "glib 0.8.0 (git+https://github.com/gtk-rs/glib)",
 "glib-sys 0.9.0 (git+https://github.com/gtk-rs/sys)",
 "gobject-sys 0.9.0 (git+https://github.com/gtk-rs/sys)",
 "lazy_static 1.4.0 (registry+https://github.com/rust-lang/crates.io-index)",
 "libc 0.2.65 (registry+https://github.com/rust-lang/crates.io-index)",
]

[[package]]
name = "gio-sys"
version = "0.9.0"
source = "git+https://github.com/gtk-rs/sys#71a7e1b1a8cb713b5ce87f4222cd33e5c509dfd5"
dependencies = [
 "glib-sys 0.9.0 (git+https://github.com/gtk-rs/sys)",
 "gobject-sys 0.9.0 (git+https://github.com/gtk-rs/sys)",
 "libc 0.2.65 (registry+https://github.com/rust-lang/crates.io-index)",
 "pkg-config 0.3.16 (registry+https://github.com/rust-lang/crates.io-index)",
]

[[package]]
name = "glib"
version = "0.8.0"
source = "git+https://github.com/gtk-rs/glib#2ad3ad8952dbaf78837e27193af8f0a003522815"
dependencies = [
 "bitflags 1.2.1 (registry+https://github.com/rust-lang/crates.io-index)",
 "glib-sys 0.9.0 (git+https://github.com/gtk-rs/sys)",
 "gobject-sys 0.9.0 (git+https://github.com/gtk-rs/sys)",
 "lazy_static 1.4.0 (registry+https://github.com/rust-lang/crates.io-index)",
 "libc 0.2.65 (registry+https://github.com/rust-lang/crates.io-index)",
]

[[package]]
name = "glib-sys"
version = "0.9.0"
source = "git+https://github.com/gtk-rs/sys#71a7e1b1a8cb713b5ce87f4222cd33e5c509dfd5"
dependencies = [
 "libc 0.2.65 (registry+https://github.com/rust-lang/crates.io-index)",
 "pkg-config 0.3.16 (registry+https://github.com/rust-lang/crates.io-index)",
]

[[package]]
name = "gobject-sys"
version = "0.9.0"
source = "git+https://github.com/gtk-rs/sys#71a7e1b1a8cb713b5ce87f4222cd33e5c509dfd5"
dependencies = [
 "glib-sys 0.9.0 (git+https://github.com/gtk-rs/sys)",
 "libc 0.2.65 (registry+https://github.com/rust-lang/crates.io-index)",
 "pkg-config 0.3.16 (registry+https://github.com/rust-lang/crates.io-index)",
]

[[package]]
name = "graphene-rs"
version = "0.1.0"
source = "git+https://github.com/gtk-rs/graphene#de472cf3fec3cdde40efc770e18e15726c8be905"
dependencies = [
 "bitflags 1.2.1 (registry+https://github.com/rust-lang/crates.io-index)",
 "glib 0.8.0 (git+https://github.com/gtk-rs/glib)",
 "glib-sys 0.9.0 (git+https://github.com/gtk-rs/sys)",
 "gobject-sys 0.9.0 (git+https://github.com/gtk-rs/sys)",
 "graphene-sys 0.1.0 (git+https://github.com/gtk-rs/graphene)",
 "lazy_static 1.4.0 (registry+https://github.com/rust-lang/crates.io-index)",
 "libc 0.2.65 (registry+https://github.com/rust-lang/crates.io-index)",
]

[[package]]
name = "graphene-sys"
version = "0.1.0"
source = "git+https://github.com/gtk-rs/graphene#de472cf3fec3cdde40efc770e18e15726c8be905"
dependencies = [
 "glib-sys 0.9.0 (git+https://github.com/gtk-rs/sys)",
 "gobject-sys 0.9.0 (git+https://github.com/gtk-rs/sys)",
 "libc 0.2.65 (registry+https://github.com/rust-lang/crates.io-index)",
 "pkg-config 0.3.16 (registry+https://github.com/rust-lang/crates.io-index)",
]

[[package]]
name = "gsk4"
version = "0.1.0"
source = "git+https://github.com/gtk-rs/gsk4#a8ba6ec5ec87494ed486faaf9d6955730827e495"
dependencies = [
 "bitflags 1.2.1 (registry+https://github.com/rust-lang/crates.io-index)",
 "cairo-rs 0.7.0 (git+https://github.com/gtk-rs/cairo)",
 "cairo-sys-rs 0.9.0 (git+https://github.com/gtk-rs/cairo)",
 "gdk4 0.1.0 (git+https://github.com/gtk-rs/gdk4)",
 "gdk4-sys 0.1.0 (git+https://github.com/gtk-rs/sys)",
 "glib 0.8.0 (git+https://github.com/gtk-rs/glib)",
 "glib-sys 0.9.0 (git+https://github.com/gtk-rs/sys)",
 "gobject-sys 0.9.0 (git+https://github.com/gtk-rs/sys)",
 "graphene-rs 0.1.0 (git+https://github.com/gtk-rs/graphene)",
 "graphene-sys 0.1.0 (git+https://github.com/gtk-rs/graphene)",
 "gsk4-sys 0.1.0 (git+https://github.com/gtk-rs/sys)",
 "libc 0.2.65 (registry+https://github.com/rust-lang/crates.io-index)",
 "pango 0.7.0 (git+https://github.com/gtk-rs/pango)",
]

[[package]]
name = "gsk4-sys"
version = "0.1.0"
source = "git+https://github.com/gtk-rs/sys#71a7e1b1a8cb713b5ce87f4222cd33e5c509dfd5"
dependencies = [
 "cairo-sys-rs 0.9.0 (git+https://github.com/gtk-rs/cairo)",
 "gdk4-sys 0.1.0 (git+https://github.com/gtk-rs/sys)",
 "glib-sys 0.9.0 (git+https://github.com/gtk-rs/sys)",
 "gobject-sys 0.9.0 (git+https://github.com/gtk-rs/sys)",
 "graphene-sys 0.1.0 (git+https://github.com/gtk-rs/graphene)",
 "libc 0.2.65 (registry+https://github.com/rust-lang/crates.io-index)",
 "pango-sys 0.9.0 (git+https://github.com/gtk-rs/sys)",
 "pkg-config 0.3.16 (registry+https://github.com/rust-lang/crates.io-index)",
]

[[package]]
name = "gtk4"
version = "0.1.0"
source = "git+https://github.com/gtk-rs/gtk4#bfa91abbb3101d656cefaf470ee8bf46b0760572"
dependencies = [
 "atk 0.7.0 (git+https://github.com/gtk-rs/atk)",
 "atk-sys 0.9.0 (git+https://github.com/gtk-rs/sys)",
 "bitflags 1.2.1 (registry+https://github.com/rust-lang/crates.io-index)",
 "cairo-rs 0.7.0 (git+https://github.com/gtk-rs/cairo)",
 "cairo-sys-rs 0.9.0 (git+https://github.com/gtk-rs/cairo)",
 "gdk-pixbuf 0.7.0 (git+https://github.com/gtk-rs/gdk-pixbuf)",
 "gdk-pixbuf-sys 0.9.0 (git+https://github.com/gtk-rs/sys)",
 "gdk4 0.1.0 (git+https://github.com/gtk-rs/gdk4)",
 "gdk4-sys 0.1.0 (git+https://github.com/gtk-rs/sys)",
 "gio 0.7.0 (git+https://github.com/gtk-rs/gio)",
 "gio-sys 0.9.0 (git+https://github.com/gtk-rs/sys)",
 "glib 0.8.0 (git+https://github.com/gtk-rs/glib)",
 "glib-sys 0.9.0 (git+https://github.com/gtk-rs/sys)",
 "gobject-sys 0.9.0 (git+https://github.com/gtk-rs/sys)",
 "graphene-rs 0.1.0 (git+https://github.com/gtk-rs/graphene)",
 "graphene-sys 0.1.0 (git+https://github.com/gtk-rs/graphene)",
 "gsk4 0.1.0 (git+https://github.com/gtk-rs/gsk4)",
 "gsk4-sys 0.1.0 (git+https://github.com/gtk-rs/sys)",
 "gtk4-sys 0.1.0 (git+https://github.com/gtk-rs/sys)",
 "lazy_static 1.4.0 (registry+https://github.com/rust-lang/crates.io-index)",
 "libc 0.2.65 (registry+https://github.com/rust-lang/crates.io-index)",
 "pango 0.7.0 (git+https://github.com/gtk-rs/pango)",
 "pango-sys 0.9.0 (git+https://github.com/gtk-rs/sys)",
]

[[package]]
name = "gtk4-sys"
version = "0.1.0"
source = "git+https://github.com/gtk-rs/sys#71a7e1b1a8cb713b5ce87f4222cd33e5c509dfd5"
dependencies = [
 "atk-sys 0.9.0 (git+https://github.com/gtk-rs/sys)",
 "cairo-sys-rs 0.9.0 (git+https://github.com/gtk-rs/cairo)",
 "gdk-pixbuf-sys 0.9.0 (git+https://github.com/gtk-rs/sys)",
 "gdk4-sys 0.1.0 (git+https://github.com/gtk-rs/sys)",
 "gio-sys 0.9.0 (git+https://github.com/gtk-rs/sys)",
 "glib-sys 0.9.0 (git+https://github.com/gtk-rs/sys)",
 "gobject-sys 0.9.0 (git+https://github.com/gtk-rs/sys)",
 "graphene-sys 0.1.0 (git+https://github.com/gtk-rs/graphene)",
 "gsk4-sys 0.1.0 (git+https://github.com/gtk-rs/sys)",
 "libc 0.2.65 (registry+https://github.com/rust-lang/crates.io-index)",
 "pango-sys 0.9.0 (git+https://github.com/gtk-rs/sys)",
 "pkg-config 0.3.16 (registry+https://github.com/rust-lang/crates.io-index)",
]

[[package]]
name = "lazy_static"
version = "1.4.0"
source = "registry+https://github.com/rust-lang/crates.io-index"

[[package]]
name = "libc"
version = "0.2.65"
source = "registry+https://github.com/rust-lang/crates.io-index"

[[package]]
name = "pango"
version = "0.7.0"
source = "git+https://github.com/gtk-rs/pango#e60779884523bb4a6b75e6e788354fd229c16465"
dependencies = [
 "bitflags 1.2.1 (registry+https://github.com/rust-lang/crates.io-index)",
 "glib 0.8.0 (git+https://github.com/gtk-rs/glib)",
 "glib-sys 0.9.0 (git+https://github.com/gtk-rs/sys)",
 "gobject-sys 0.9.0 (git+https://github.com/gtk-rs/sys)",
 "lazy_static 1.4.0 (registry+https://github.com/rust-lang/crates.io-index)",
 "libc 0.2.65 (registry+https://github.com/rust-lang/crates.io-index)",
 "pango-sys 0.9.0 (git+https://github.com/gtk-rs/sys)",
]

[[package]]
name = "pango-sys"
version = "0.9.0"
source = "git+https://github.com/gtk-rs/sys#71a7e1b1a8cb713b5ce87f4222cd33e5c509dfd5"
dependencies = [
 "glib-sys 0.9.0 (git+https://github.com/gtk-rs/sys)",
 "gobject-sys 0.9.0 (git+https://github.com/gtk-rs/sys)",
 "libc 0.2.65 (registry+https://github.com/rust-lang/crates.io-index)",
 "pkg-config 0.3.16 (registry+https://github.com/rust-lang/crates.io-index)",
]

[[package]]
name = "pkg-config"
version = "0.3.16"
source = "registry+https://github.com/rust-lang/crates.io-index"

[metadata]
"checksum atk 0.7.0 (git+https://github.com/gtk-rs/atk)" = "<none>"
"checksum atk-sys 0.9.0 (git+https://github.com/gtk-rs/sys)" = "<none>"
"checksum bitflags 1.2.1 (registry+https://github.com/rust-lang/crates.io-index)" = "cf1de2fe8c75bc145a2f577add951f8134889b4795d47466a54a5c846d691693"
"checksum cairo-rs 0.7.0 (git+https://github.com/gtk-rs/cairo)" = "<none>"
"checksum cairo-sys-rs 0.9.0 (git+https://github.com/gtk-rs/cairo)" = "<none>"
"checksum fragile 0.3.0 (registry+https://github.com/rust-lang/crates.io-index)" = "05f8140122fa0d5dcb9fc8627cfce2b37cc1500f752636d46ea28bc26785c2f9"
"checksum gdk-pixbuf 0.7.0 (git+https://github.com/gtk-rs/gdk-pixbuf)" = "<none>"
"checksum gdk-pixbuf-sys 0.9.0 (git+https://github.com/gtk-rs/sys)" = "<none>"
"checksum gdk4 0.1.0 (git+https://github.com/gtk-rs/gdk4)" = "<none>"
"checksum gdk4-sys 0.1.0 (git+https://github.com/gtk-rs/sys)" = "<none>"
"checksum gio 0.7.0 (git+https://github.com/gtk-rs/gio)" = "<none>"
"checksum gio-sys 0.9.0 (git+https://github.com/gtk-rs/sys)" = "<none>"
"checksum glib 0.8.0 (git+https://github.com/gtk-rs/glib)" = "<none>"
"checksum glib-sys 0.9.0 (git+https://github.com/gtk-rs/sys)" = "<none>"
"checksum gobject-sys 0.9.0 (git+https://github.com/gtk-rs/sys)" = "<none>"
"checksum graphene-rs 0.1.0 (git+https://github.com/gtk-rs/graphene)" = "<none>"
"checksum graphene-sys 0.1.0 (git+https://github.com/gtk-rs/graphene)" = "<none>"
"checksum gsk4 0.1.0 (git+https://github.com/gtk-rs/gsk4)" = "<none>"
"checksum gsk4-sys 0.1.0 (git+https://github.com/gtk-rs/sys)" = "<none>"
"checksum gtk4 0.1.0 (git+https://github.com/gtk-rs/gtk4)" = "<none>"
"checksum gtk4-sys 0.1.0 (git+https://github.com/gtk-rs/sys)" = "<none>"
"checksum lazy_static 1.4.0 (registry+https://github.com/rust-lang/crates.io-index)" = "e2abad23fbc42b3700f2f279844dc832adb2b2eb069b2df918f455c4e18cc646"
"checksum libc 0.2.65 (registry+https://github.com/rust-lang/crates.io-index)" = "1a31a0627fdf1f6a39ec0dd577e101440b7db22672c0901fe00a9a6fbb5c24e8"
"checksum pango 0.7.0 (git+https://github.com/gtk-rs/pango)" = "<none>"
"checksum pango-sys 0.9.0 (git+https://github.com/gtk-rs/sys)" = "<none>"
"checksum pkg-config 0.3.16 (registry+https://github.com/rust-lang/crates.io-index)" = "72d5370d90f49f70bd033c3d75e87fc529fbfff9d6f7cccef07d6170079d91ea"
